
Microsoft Visual Studio Solution File, Format Version 12.00
# Visual Studio Version 16
VisualStudioVersion = 16.0.30104.148
MinimumVisualStudioVersion = 10.0.40219.1
Project("{FAE04EC0-301F-11D3-BF4B-00C04F79EFBC}") = "DAN_XXXIII_MilosPeric", "DAN_XXXIII_MilosPeric\DAN_XXXIII_MilosPeric.csproj", "{74DFB54F-14B0-4BEA-9830-596E43E5BF99}"
EndProject
Global
	GlobalSection(SolutionConfigurationPlatforms) = preSolution
		Debug|Any CPU = Debug|Any CPU
		Release|Any CPU = Release|Any CPU
	EndGlobalSection
	GlobalSection(ProjectConfigurationPlatforms) = postSolution
		{74DFB54F-14B0-4BEA-9830-596E43E5BF99}.Debug|Any CPU.ActiveCfg = Debug|Any CPU
		{74DFB54F-14B0-4BEA-9830-596E43E5BF99}.Debug|Any CPU.Build.0 = Debug|Any CPU
		{74DFB54F-14B0-4BEA-9830-596E43E5BF99}.Release|Any CPU.ActiveCfg = Release|Any CPU
		{74DFB54F-14B0-4BEA-9830-596E43E5BF99}.Release|Any CPU.Build.0 = Release|Any CPU
	EndGlobalSection
	GlobalSection(SolutionProperties) = preSolution
		HideSolutionNode = FALSE
	EndGlobalSection
	GlobalSection(ExtensibilityGlobals) = postSolution
		SolutionGuid = {D30EBA00-54BA-4659-B82C-4739BC096AE0}
	EndGlobalSection
EndGlobal
